
Microsoft Visual Studio Solution File, Format Version 12.00
# Visual Studio Version 17
VisualStudioVersion = 17.1.32210.238
MinimumVisualStudioVersion = 10.0.40219.1
Project("{FAE04EC0-301F-11D3-BF4B-00C04F79EFBC}") = "GetBooksWeb", "GetBooksWeb\GetBooksWeb.csproj", "{986AAC19-1A3B-4950-ADE6-7929D4C7A8C8}"
EndProject
Global
	GlobalSection(SolutionConfigurationPlatforms) = preSolution
		Debug|Any CPU = Debug|Any CPU
		Release|Any CPU = Release|Any CPU
	EndGlobalSection
	GlobalSection(ProjectConfigurationPlatforms) = postSolution
		{986AAC19-1A3B-4950-ADE6-7929D4C7A8C8}.Debug|Any CPU.ActiveCfg = Debug|Any CPU
		{986AAC19-1A3B-4950-ADE6-7929D4C7A8C8}.Debug|Any CPU.Build.0 = Debug|Any CPU
		{986AAC19-1A3B-4950-ADE6-7929D4C7A8C8}.Release|Any CPU.ActiveCfg = Release|Any CPU
		{986AAC19-1A3B-4950-ADE6-7929D4C7A8C8}.Release|Any CPU.Build.0 = Release|Any CPU
	EndGlobalSection
	GlobalSection(SolutionProperties) = preSolution
		HideSolutionNode = FALSE
	EndGlobalSection
	GlobalSection(ExtensibilityGlobals) = postSolution
		SolutionGuid = {533BA5BB-86C7-4045-AC5E-AA52875030FC}
	EndGlobalSection
EndGlobal
